// !$*UTF8*$!
{
	archiveVersion = 1;
	classes = {
	};
	objectVersion = 46;
	objects = {

/* Begin PBXBuildFile section */
		1ABB7A901CEF98A900F2CADF /* AppDelegate.swift in Sources */ = {isa = PBXBuildFile; fileRef = 1ABB7A8F1CEF98A900F2CADF /* AppDelegate.swift */; };
		1ABB7A921CEF98A900F2CADF /* ViewController.swift in Sources */ = {isa = PBXBuildFile; fileRef = 1ABB7A911CEF98A900F2CADF /* ViewController.swift */; };
		1ABB7A951CEF98A900F2CADF /* Main.storyboard in Resources */ = {isa = PBXBuildFile; fileRef = 1ABB7A931CEF98A900F2CADF /* Main.storyboard */; };
		1ABB7A981CEF98AA00F2CADF /* GMT.xcdatamodeld in Sources */ = {isa = PBXBuildFile; fileRef = 1ABB7A961CEF98A900F2CADF /* GMT.xcdatamodeld */; };
		1ABB7A9A1CEF98AA00F2CADF /* Assets.xcassets in Resources */ = {isa = PBXBuildFile; fileRef = 1ABB7A991CEF98AA00F2CADF /* Assets.xcassets */; };
		1ABB7A9D1CEF98AA00F2CADF /* LaunchScreen.storyboard in Resources */ = {isa = PBXBuildFile; fileRef = 1ABB7A9B1CEF98AA00F2CADF /* LaunchScreen.storyboard */; };
		1ABB7AA81CEF98AA00F2CADF /* GMTTests.swift in Sources */ = {isa = PBXBuildFile; fileRef = 1ABB7AA71CEF98AA00F2CADF /* GMTTests.swift */; };
		1ABB7AB31CEF98AA00F2CADF /* GMTUITests.swift in Sources */ = {isa = PBXBuildFile; fileRef = 1ABB7AB21CEF98AA00F2CADF /* GMTUITests.swift */; };
/* End PBXBuildFile section */

/* Begin PBXContainerItemProxy section */
		1ABB7AA41CEF98AA00F2CADF /* PBXContainerItemProxy */ = {
			isa = PBXContainerItemProxy;
			containerPortal = 1ABB7A841CEF98A900F2CADF /* Project object */;
			proxyType = 1;
			remoteGlobalIDString = 1ABB7A8B1CEF98A900F2CADF;
			remoteInfo = GMT;
		};
		1ABB7AAF1CEF98AA00F2CADF /* PBXContainerItemProxy */ = {
			isa = PBXContainerItemProxy;
			containerPortal = 1ABB7A841CEF98A900F2CADF /* Project object */;
			proxyType = 1;
			remoteGlobalIDString = 1ABB7A8B1CEF98A900F2CADF;
			remoteInfo = GMT;
		};
/* End PBXContainerItemProxy section */

/* Begin PBXFileReference section */
		1ABB7A8C1CEF98A900F2CADF /* GMT.app */ = {isa = PBXFileReference; explicitFileType = wrapper.application; includeInIndex = 0; path = GMT.app; sourceTree = BUILT_PRODUCTS_DIR; };
		1ABB7A8F1CEF98A900F2CADF /* AppDelegate.swift */ = {isa = PBXFileReference; lastKnownFileType = sourcecode.swift; path = AppDelegate.swift; sourceTree = "<group>"; };
		1ABB7A911CEF98A900F2CADF /* ViewController.swift */ = {isa = PBXFileReference; lastKnownFileType = sourcecode.swift; path = ViewController.swift; sourceTree = "<group>"; };
		1ABB7A941CEF98A900F2CADF /* Base */ = {isa = PBXFileReference; lastKnownFileType = file.storyboard; name = Base; path = Base.lproj/Main.storyboard; sourceTree = "<group>"; };
		1ABB7A971CEF98AA00F2CADF /* GMT.xcdatamodel */ = {isa = PBXFileReference; lastKnownFileType = wrapper.xcdatamodel; path = GMT.xcdatamodel; sourceTree = "<group>"; };
		1ABB7A991CEF98AA00F2CADF /* Assets.xcassets */ = {isa = PBXFileReference; lastKnownFileType = folder.assetcatalog; path = Assets.xcassets; sourceTree = "<group>"; };
		1ABB7A9C1CEF98AA00F2CADF /* Base */ = {isa = PBXFileReference; lastKnownFileType = file.storyboard; name = Base; path = Base.lproj/LaunchScreen.storyboard; sourceTree = "<group>"; };
		1ABB7A9E1CEF98AA00F2CADF /* Info.plist */ = {isa = PBXFileReference; lastKnownFileType = text.plist.xml; path = Info.plist; sourceTree = "<group>"; };
		1ABB7AA31CEF98AA00F2CADF /* GMTTests.xctest */ = {isa = PBXFileReference; explicitFileType = wrapper.cfbundle; includeInIndex = 0; path = GMTTests.xctest; sourceTree = BUILT_PRODUCTS_DIR; };
		1ABB7AA71CEF98AA00F2CADF /* GMTTests.swift */ = {isa = PBXFileReference; lastKnownFileType = sourcecode.swift; path = GMTTests.swift; sourceTree = "<group>"; };
		1ABB7AA91CEF98AA00F2CADF /* Info.plist */ = {isa = PBXFileReference; lastKnownFileType = text.plist.xml; path = Info.plist; sourceTree = "<group>"; };
		1ABB7AAE1CEF98AA00F2CADF /* GMTUITests.xctest */ = {isa = PBXFileReference; explicitFileType = wrapper.cfbundle; includeInIndex = 0; path = GMTUITests.xctest; sourceTree = BUILT_PRODUCTS_DIR; };
		1ABB7AB21CEF98AA00F2CADF /* GMTUITests.swift */ = {isa = PBXFileReference; lastKnownFileType = sourcecode.swift; path = GMTUITests.swift; sourceTree = "<group>"; };
		1ABB7AB41CEF98AA00F2CADF /* Info.plist */ = {isa = PBXFileReference; lastKnownFileType = text.plist.xml; path = Info.plist; sourceTree = "<group>"; };
/* End PBXFileReference section */

/* Begin PBXFrameworksBuildPhase section */
		1ABB7A891CEF98A900F2CADF /* Frameworks */ = {
			isa = PBXFrameworksBuildPhase;
			buildActionMask = 2147483647;
			files = (
			);
			runOnlyForDeploymentPostprocessing = 0;
		};
		1ABB7AA01CEF98AA00F2CADF /* Frameworks */ = {
			isa = PBXFrameworksBuildPhase;
			buildActionMask = 2147483647;
			files = (
			);
			runOnlyForDeploymentPostprocessing = 0;
		};
		1ABB7AAB1CEF98AA00F2CADF /* Frameworks */ = {
			isa = PBXFrameworksBuildPhase;
			buildActionMask = 2147483647;
			files = (
			);
			runOnlyForDeploymentPostprocessing = 0;
		};
/* End PBXFrameworksBuildPhase section */

/* Begin PBXGroup section */
		1ABB7A831CEF98A900F2CADF = {
			isa = PBXGroup;
			children = (
				1ABB7A8E1CEF98A900F2CADF /* GMT */,
				1ABB7AA61CEF98AA00F2CADF /* GMTTests */,
				1ABB7AB11CEF98AA00F2CADF /* GMTUITests */,
				1ABB7A8D1CEF98A900F2CADF /* Products */,
			);
			sourceTree = "<group>";
		};
		1ABB7A8D1CEF98A900F2CADF /* Products */ = {
			isa = PBXGroup;
			children = (
				1ABB7A8C1CEF98A900F2CADF /* GMT.app */,
				1ABB7AA31CEF98AA00F2CADF /* GMTTests.xctest */,
				1ABB7AAE1CEF98AA00F2CADF /* GMTUITests.xctest */,
			);
			name = Products;
			sourceTree = "<group>";
		};
		1ABB7A8E1CEF98A900F2CADF /* GMT */ = {
			isa = PBXGroup;
			children = (
				1ABB7A8F1CEF98A900F2CADF /* AppDelegate.swift */,
				1ABB7A911CEF98A900F2CADF /* ViewController.swift */,
				1ABB7A931CEF98A900F2CADF /* Main.storyboard */,
				1ABB7A991CEF98AA00F2CADF /* Assets.xcassets */,
				1ABB7A9B1CEF98AA00F2CADF /* LaunchScreen.storyboard */,
				1ABB7A9E1CEF98AA00F2CADF /* Info.plist */,
				1ABB7A961CEF98A900F2CADF /* GMT.xcdatamodeld */,
			);
			path = GMT;
			sourceTree = "<group>";
		};
		1ABB7AA61CEF98AA00F2CADF /* GMTTests */ = {
			isa = PBXGroup;
			children = (
				1ABB7AA71CEF98AA00F2CADF /* GMTTests.swift */,
				1ABB7AA91CEF98AA00F2CADF /* Info.plist */,
			);
			path = GMTTests;
			sourceTree = "<group>";
		};
		1ABB7AB11CEF98AA00F2CADF /* GMTUITests */ = {
			isa = PBXGroup;
			children = (
				1ABB7AB21CEF98AA00F2CADF /* GMTUITests.swift */,
				1ABB7AB41CEF98AA00F2CADF /* Info.plist */,
			);
			path = GMTUITests;
			sourceTree = "<group>";
		};
/* End PBXGroup section */

/* Begin PBXNativeTarget section */
		1ABB7A8B1CEF98A900F2CADF /* GMT */ = {
			isa = PBXNativeTarget;
			buildConfigurationList = 1ABB7AB71CEF98AA00F2CADF /* Build configuration list for PBXNativeTarget "GMT" */;
			buildPhases = (
				1ABB7A881CEF98A900F2CADF /* Sources */,
				1ABB7A891CEF98A900F2CADF /* Frameworks */,
				1ABB7A8A1CEF98A900F2CADF /* Resources */,
			);
			buildRules = (
			);
			dependencies = (
			);
			name = GMT;
			productName = GMT;
			productReference = 1ABB7A8C1CEF98A900F2CADF /* GMT.app */;
			productType = "com.apple.product-type.application";
		};
		1ABB7AA21CEF98AA00F2CADF /* GMTTests */ = {
			isa = PBXNativeTarget;
			buildConfigurationList = 1ABB7ABA1CEF98AA00F2CADF /* Build configuration list for PBXNativeTarget "GMTTests" */;
			buildPhases = (
				1ABB7A9F1CEF98AA00F2CADF /* Sources */,
				1ABB7AA01CEF98AA00F2CADF /* Frameworks */,
				1ABB7AA11CEF98AA00F2CADF /* Resources */,
			);
			buildRules = (
			);
			dependencies = (
				1ABB7AA51CEF98AA00F2CADF /* PBXTargetDependency */,
			);
			name = GMTTests;
			productName = GMTTests;
			productReference = 1ABB7AA31CEF98AA00F2CADF /* GMTTests.xctest */;
			productType = "com.apple.product-type.bundle.unit-test";
		};
		1ABB7AAD1CEF98AA00F2CADF /* GMTUITests */ = {
			isa = PBXNativeTarget;
			buildConfigurationList = 1ABB7ABD1CEF98AA00F2CADF /* Build configuration list for PBXNativeTarget "GMTUITests" */;
			buildPhases = (
				1ABB7AAA1CEF98AA00F2CADF /* Sources */,
				1ABB7AAB1CEF98AA00F2CADF /* Frameworks */,
				1ABB7AAC1CEF98AA00F2CADF /* Resources */,
			);
			buildRules = (
			);
			dependencies = (
				1ABB7AB01CEF98AA00F2CADF /* PBXTargetDependency */,
			);
			name = GMTUITests;
			productName = GMTUITests;
			productReference = 1ABB7AAE1CEF98AA00F2CADF /* GMTUITests.xctest */;
			productType = "com.apple.product-type.bundle.ui-testing";
		};
/* End PBXNativeTarget section */

/* Begin PBXProject section */
		1ABB7A841CEF98A900F2CADF /* Project object */ = {
			isa = PBXProject;
			attributes = {
				LastSwiftUpdateCheck = 0710;
				LastUpgradeCheck = 0710;
				ORGANIZATIONNAME = "James O'Brien";
				TargetAttributes = {
					1ABB7A8B1CEF98A900F2CADF = {
						CreatedOnToolsVersion = 7.1;
					};
					1ABB7AA21CEF98AA00F2CADF = {
						CreatedOnToolsVersion = 7.1;
						TestTargetID = 1ABB7A8B1CEF98A900F2CADF;
					};
					1ABB7AAD1CEF98AA00F2CADF = {
						CreatedOnToolsVersion = 7.1;
						TestTargetID = 1ABB7A8B1CEF98A900F2CADF;
					};
				};
			};
			buildConfigurationList = 1ABB7A871CEF98A900F2CADF /* Build configuration list for PBXProject "GMT" */;
			compatibilityVersion = "Xcode 3.2";
			developmentRegion = English;
			hasScannedForEncodings = 0;
			knownRegions = (
				en,
				Base,
			);
			mainGroup = 1ABB7A831CEF98A900F2CADF;
			productRefGroup = 1ABB7A8D1CEF98A900F2CADF /* Products */;
			projectDirPath = "";
			projectRoot = "";
			targets = (
				1ABB7A8B1CEF98A900F2CADF /* GMT */,
				1ABB7AA21CEF98AA00F2CADF /* GMTTests */,
				1ABB7AAD1CEF98AA00F2CADF /* GMTUITests */,
			);
		};
/* End PBXProject section */

/* Begin PBXResourcesBuildPhase section */
		1ABB7A8A1CEF98A900F2CADF /* Resources */ = {
			isa = PBXResourcesBuildPhase;
			buildActionMask = 2147483647;
			files = (
				1ABB7A9D1CEF98AA00F2CADF /* LaunchScreen.storyboard in Resources */,
				1ABB7A9A1CEF98AA00F2CADF /* Assets.xcassets in Resources */,
				1ABB7A951CEF98A900F2CADF /* Main.storyboard in Resources */,
			);
			runOnlyForDeploymentPostprocessing = 0;
		};
		1ABB7AA11CEF98AA00F2CADF /* Resources */ = {
			isa = PBXResourcesBuildPhase;
			buildActionMask = 2147483647;
			files = (
			);
			runOnlyForDeploymentPostprocessing = 0;
		};
		1ABB7AAC1CEF98AA00F2CADF /* Resources */ = {
			isa = PBXResourcesBuildPhase;
			buildActionMask = 2147483647;
			files = (
			);
			runOnlyForDeploymentPostprocessing = 0;
		};
/* End PBXResourcesBuildPhase section */

/* Begin PBXSourcesBuildPhase section */
		1ABB7A881CEF98A900F2CADF /* Sources */ = {
			isa = PBXSourcesBuildPhase;
			buildActionMask = 2147483647;
			files = (
				1ABB7A921CEF98A900F2CADF /* ViewController.swift in Sources */,
				1ABB7A981CEF98AA00F2CADF /* GMT.xcdatamodeld in Sources */,
				1ABB7A901CEF98A900F2CADF /* AppDelegate.swift in Sources */,
			);
			runOnlyForDeploymentPostprocessing = 0;
		};
		1ABB7A9F1CEF98AA00F2CADF /* Sources */ = {
			isa = PBXSourcesBuildPhase;
			buildActionMask = 2147483647;
			files = (
				1ABB7AA81CEF98AA00F2CADF /* GMTTests.swift in Sources */,
			);
			runOnlyForDeploymentPostprocessing = 0;
		};
		1ABB7AAA1CEF98AA00F2CADF /* Sources */ = {
			isa = PBXSourcesBuildPhase;
			buildActionMask = 2147483647;
			files = (
				1ABB7AB31CEF98AA00F2CADF /* GMTUITests.swift in Sources */,
			);
			runOnlyForDeploymentPostprocessing = 0;
		};
/* End PBXSourcesBuildPhase section */

/* Begin PBXTargetDependency section */
		1ABB7AA51CEF98AA00F2CADF /* PBXTargetDependency */ = {
			isa = PBXTargetDependency;
			target = 1ABB7A8B1CEF98A900F2CADF /* GMT */;
			targetProxy = 1ABB7AA41CEF98AA00F2CADF /* PBXContainerItemProxy */;
		};
		1ABB7AB01CEF98AA00F2CADF /* PBXTargetDependency */ = {
			isa = PBXTargetDependency;
			target = 1ABB7A8B1CEF98A900F2CADF /* GMT */;
			targetProxy = 1ABB7AAF1CEF98AA00F2CADF /* PBXContainerItemProxy */;
		};
/* End PBXTargetDependency section */

/* Begin PBXVariantGroup section */
		1ABB7A931CEF98A900F2CADF /* Main.storyboard */ = {
			isa = PBXVariantGroup;
			children = (
				1ABB7A941CEF98A900F2CADF /* Base */,
			);
			name = Main.storyboard;
			sourceTree = "<group>";
		};
		1ABB7A9B1CEF98AA00F2CADF /* LaunchScreen.storyboard */ = {
			isa = PBXVariantGroup;
			children = (
				1ABB7A9C1CEF98AA00F2CADF /* Base */,
			);
			name = LaunchScreen.storyboard;
			sourceTree = "<group>";
		};
/* End PBXVariantGroup section */

/* Begin XCBuildConfiguration section */
		1ABB7AB51CEF98AA00F2CADF /* Debug */ = {
			isa = XCBuildConfiguration;
			buildSettings = {
				ALWAYS_SEARCH_USER_PATHS = NO;
				CLANG_CXX_LANGUAGE_STANDARD = "gnu++0x";
				CLANG_CXX_LIBRARY = "libc++";
				CLANG_ENABLE_MODULES = YES;
				CLANG_ENABLE_OBJC_ARC = YES;
				CLANG_WARN_BOOL_CONVERSION = YES;
				CLANG_WARN_CONSTANT_CONVERSION = YES;
				CLANG_WARN_DIRECT_OBJC_ISA_USAGE = YES_ERROR;
				CLANG_WARN_EMPTY_BODY = YES;
				CLANG_WARN_ENUM_CONVERSION = YES;
				CLANG_WARN_INT_CONVERSION = YES;
				CLANG_WARN_OBJC_ROOT_CLASS = YES_ERROR;
				CLANG_WARN_UNREACHABLE_CODE = YES;
				CLANG_WARN__DUPLICATE_METHOD_MATCH = YES;
				"CODE_SIGN_IDENTITY[sdk=iphoneos*]" = "iPhone Developer";
				COPY_PHASE_STRIP = NO;
				DEBUG_INFORMATION_FORMAT = dwarf;
				ENABLE_STRICT_OBJC_MSGSEND = YES;
				ENABLE_TESTABILITY = YES;
				GCC_C_LANGUAGE_STANDARD = gnu99;
				GCC_DYNAMIC_NO_PIC = NO;
				GCC_NO_COMMON_BLOCKS = YES;
				GCC_OPTIMIZATION_LEVEL = 0;
				GCC_PREPROCESSOR_DEFINITIONS = (
					"DEBUG=1",
					"$(inherited)",
				);
				GCC_WARN_64_TO_32_BIT_CONVERSION = YES;
				GCC_WARN_ABOUT_RETURN_TYPE = YES_ERROR;
				GCC_WARN_UNDECLARED_SELECTOR = YES;
				GCC_WARN_UNINITIALIZED_AUTOS = YES_AGGRESSIVE;
				GCC_WARN_UNUSED_FUNCTION = YES;
				GCC_WARN_UNUSED_VARIABLE = YES;
				IPHONEOS_DEPLOYMENT_TARGET = 9.1;
				MTL_ENABLE_DEBUG_INFO = YES;
				ONLY_ACTIVE_ARCH = YES;
				SDKROOT = iphoneos;
				SWIFT_OPTIMIZATION_LEVEL = "-Onone";
				TARGETED_DEVICE_FAMILY = "1,2";
			};
			name = Debug;
		};
		1ABB7AB61CEF98AA00F2CADF /* Release */ = {
			isa = XCBuildConfiguration;
			buildSettings = {
				ALWAYS_SEARCH_USER_PATHS = NO;
				CLANG_CXX_LANGUAGE_STANDARD = "gnu++0x";
				CLANG_CXX_LIBRARY = "libc++";
				CLANG_ENABLE_MODULES = YES;
				CLANG_ENABLE_OBJC_ARC = YES;
				CLANG_WARN_BOOL_CONVERSION = YES;
				CLANG_WARN_CONSTANT_CONVERSION = YES;
				CLANG_WARN_DIRECT_OBJC_ISA_USAGE = YES_ERROR;
				CLANG_WARN_EMPTY_BODY = YES;
				CLANG_WARN_ENUM_CONVERSION = YES;
				CLANG_WARN_INT_CONVERSION = YES;
				CLANG_WARN_OBJC_ROOT_CLASS = YES_ERROR;
				CLANG_WARN_UNREACHABLE_CODE = YES;
				CLANG_WARN__DUPLICATE_METHOD_MATCH = YES;
				"CODE_SIGN_IDENTITY[sdk=iphoneos*]" = "iPhone Developer";
				COPY_PHASE_STRIP = NO;
				DEBUG_INFORMATION_FORMAT = "dwarf-with-dsym";
				ENABLE_NS_ASSERTIONS = NO;
				ENABLE_STRICT_OBJC_MSGSEND = YES;
				GCC_C_LANGUAGE_STANDARD = gnu99;
				GCC_NO_COMMON_BLOCKS = YES;
				GCC_WARN_64_TO_32_BIT_CONVERSION = YES;
				GCC_WARN_ABOUT_RETURN_TYPE = YES_ERROR;
				GCC_WARN_UNDECLARED_SELECTOR = YES;
				GCC_WARN_UNINITIALIZED_AUTOS = YES_AGGRESSIVE;
				GCC_WARN_UNUSED_FUNCTION = YES;
				GCC_WARN_UNUSED_VARIABLE = YES;
				IPHONEOS_DEPLOYMENT_TARGET = 9.1;
				MTL_ENABLE_DEBUG_INFO = NO;
				SDKROOT = iphoneos;
				TARGETED_DEVICE_FAMILY = "1,2";
				VALIDATE_PRODUCT = YES;
			};
			name = Release;
		};
		1ABB7AB81CEF98AA00F2CADF /* Debug */ = {
			isa = XCBuildConfiguration;
			buildSettings = {
				ASSETCATALOG_COMPILER_APPICON_NAME = AppIcon;
				INFOPLIST_FILE = GMT/Info.plist;
				LD_RUNPATH_SEARCH_PATHS = "$(inherited) @executable_path/Frameworks";
				PRODUCT_BUNDLE_IDENTIFIER = com.skype.GMT;
				PRODUCT_NAME = "$(TARGET_NAME)";
			};
			name = Debug;
		};
		1ABB7AB91CEF98AA00F2CADF /* Release */ = {
			isa = XCBuildConfiguration;
			buildSettings = {
				ASSETCATALOG_COMPILER_APPICON_NAME = AppIcon;
				INFOPLIST_FILE = GMT/Info.plist;
				LD_RUNPATH_SEARCH_PATHS = "$(inherited) @executable_path/Frameworks";
				PRODUCT_BUNDLE_IDENTIFIER = com.skype.GMT;
				PRODUCT_NAME = "$(TARGET_NAME)";
			};
			name = Release;
		};
		1ABB7ABB1CEF98AA00F2CADF /* Debug */ = {
			isa = XCBuildConfiguration;
			buildSettings = {
				BUNDLE_LOADER = "$(TEST_HOST)";
				INFOPLIST_FILE = GMTTests/Info.plist;
				LD_RUNPATH_SEARCH_PATHS = "$(inherited) @executable_path/Frameworks @loader_path/Frameworks";
				PRODUCT_BUNDLE_IDENTIFIER = com.skype.GMTTests;
				PRODUCT_NAME = "$(TARGET_NAME)";
				TEST_HOST = "$(BUILT_PRODUCTS_DIR)/GMT.app/GMT";
			};
			name = Debug;
		};
		1ABB7ABC1CEF98AA00F2CADF /* Release */ = {
			isa = XCBuildConfiguration;
			buildSettings = {
				BUNDLE_LOADER = "$(TEST_HOST)";
				INFOPLIST_FILE = GMTTests/Info.plist;
				LD_RUNPATH_SEARCH_PATHS = "$(inherited) @executable_path/Frameworks @loader_path/Frameworks";
				PRODUCT_BUNDLE_IDENTIFIER = com.skype.GMTTests;
				PRODUCT_NAME = "$(TARGET_NAME)";
				TEST_HOST = "$(BUILT_PRODUCTS_DIR)/GMT.app/GMT";
			};
			name = Release;
		};
		1ABB7ABE1CEF98AA00F2CADF /* Debug */ = {
			isa = XCBuildConfiguration;
			buildSettings = {
				INFOPLIST_FILE = GMTUITests/Info.plist;
				LD_RUNPATH_SEARCH_PATHS = "$(inherited) @executable_path/Frameworks @loader_path/Frameworks";
				PRODUCT_BUNDLE_IDENTIFIER = com.skype.GMTUITests;
				PRODUCT_NAME = "$(TARGET_NAME)";
				TEST_TARGET_NAME = GMT;
				USES_XCTRUNNER = YES;
			};
			name = Debug;
		};
		1ABB7ABF1CEF98AA00F2CADF /* Release */ = {
			isa = XCBuildConfiguration;
			buildSettings = {
				INFOPLIST_FILE = GMTUITests/Info.plist;
				LD_RUNPATH_SEARCH_PATHS = "$(inherited) @executable_path/Frameworks @loader_path/Frameworks";
				PRODUCT_BUNDLE_IDENTIFIER = com.skype.GMTUITests;
				PRODUCT_NAME = "$(TARGET_NAME)";
				TEST_TARGET_NAME = GMT;
				USES_XCTRUNNER = YES;
			};
			name = Release;
		};
/* End XCBuildConfiguration section */

/* Begin XCConfigurationList section */
		1ABB7A871CEF98A900F2CADF /* Build configuration list for PBXProject "GMT" */ = {
			isa = XCConfigurationList;
			buildConfigurations = (
				1ABB7AB51CEF98AA00F2CADF /* Debug */,
				1ABB7AB61CEF98AA00F2CADF /* Release */,
			);
			defaultConfigurationIsVisible = 0;
			defaultConfigurationName = Release;
		};
		1ABB7AB71CEF98AA00F2CADF /* Build configuration list for PBXNativeTarget "GMT" */ = {
			isa = XCConfigurationList;
			buildConfigurations = (
				1ABB7AB81CEF98AA00F2CADF /* Debug */,
				1ABB7AB91CEF98AA00F2CADF /* Release */,
			);
			defaultConfigurationIsVisible = 0;
		};
		1ABB7ABA1CEF98AA00F2CADF /* Build configuration list for PBXNativeTarget "GMTTests" */ = {
			isa = XCConfigurationList;
			buildConfigurations = (
				1ABB7ABB1CEF98AA00F2CADF /* Debug */,
				1ABB7ABC1CEF98AA00F2CADF /* Release */,
			);
			defaultConfigurationIsVisible = 0;
		};
		1ABB7ABD1CEF98AA00F2CADF /* Build configuration list for PBXNativeTarget "GMTUITests" */ = {
			isa = XCConfigurationList;
			buildConfigurations = (
				1ABB7ABE1CEF98AA00F2CADF /* Debug */,
				1ABB7ABF1CEF98AA00F2CADF /* Release */,
			);
			defaultConfigurationIsVisible = 0;
		};
/* End XCConfigurationList section */

/* Begin XCVersionGroup section */
		1ABB7A961CEF98A900F2CADF /* GMT.xcdatamodeld */ = {
			isa = XCVersionGroup;
			children = (
				1ABB7A971CEF98AA00F2CADF /* GMT.xcdatamodel */,
			);
			currentVersion = 1ABB7A971CEF98AA00F2CADF /* GMT.xcdatamodel */;
			path = GMT.xcdatamodeld;
			sourceTree = "<group>";
			versionGroupType = wrapper.xcdatamodel;
		};
/* End XCVersionGroup section */
	};
	rootObject = 1ABB7A841CEF98A900F2CADF /* Project object */;
}
